// !$*UTF8*$!
{
	archiveVersion = 1;
	classes = {
	};
	objectVersion = 50;
	objects = {

/* Begin PBXBuildFile section */
		9E2222EA259E3390006A7042 /* Instagram_Pro_MaxApp.swift in Sources */ = {isa = PBXBuildFile; fileRef = 9E2222D7259E338F006A7042 /* Instagram_Pro_MaxApp.swift */; };
		9E2222EB259E3390006A7042 /* Instagram_Pro_MaxApp.swift in Sources */ = {isa = PBXBuildFile; fileRef = 9E2222D7259E338F006A7042 /* Instagram_Pro_MaxApp.swift */; };
		9E2222EC259E3390006A7042 /* InstagramProMaxIndex.swift in Sources */ = {isa = PBXBuildFile; fileRef = 9E2222D8259E338F006A7042 /* InstagramProMaxIndex.swift */; };
		9E2222ED259E3390006A7042 /* InstagramProMaxIndex.swift in Sources */ = {isa = PBXBuildFile; fileRef = 9E2222D8259E338F006A7042 /* InstagramProMaxIndex.swift */; };
		9E2222EE259E3390006A7042 /* Assets.xcassets in Resources */ = {isa = PBXBuildFile; fileRef = 9E2222D9259E338F006A7042 /* Assets.xcassets */; };
		9E2222EF259E3390006A7042 /* Assets.xcassets in Resources */ = {isa = PBXBuildFile; fileRef = 9E2222D9259E338F006A7042 /* Assets.xcassets */; };
		9E71610A25A2233800221EA5 /* CustomPlusRectange.swift in Sources */ = {isa = PBXBuildFile; fileRef = 9E71610925A2233800221EA5 /* CustomPlusRectange.swift */; };
		9E71610B25A2233800221EA5 /* CustomPlusRectange.swift in Sources */ = {isa = PBXBuildFile; fileRef = 9E71610925A2233800221EA5 /* CustomPlusRectange.swift */; };
		9E71610F25A226A500221EA5 /* StoryCircle.swift in Sources */ = {isa = PBXBuildFile; fileRef = 9E71610E25A226A500221EA5 /* StoryCircle.swift */; };
		9E71611025A226A500221EA5 /* StoryCircle.swift in Sources */ = {isa = PBXBuildFile; fileRef = 9E71610E25A226A500221EA5 /* StoryCircle.swift */; };
		9E71611425A236E900221EA5 /* OneNewsCard.swift in Sources */ = {isa = PBXBuildFile; fileRef = 9E71611325A236E900221EA5 /* OneNewsCard.swift */; };
		9E71611525A236E900221EA5 /* OneNewsCard.swift in Sources */ = {isa = PBXBuildFile; fileRef = 9E71611325A236E900221EA5 /* OneNewsCard.swift */; };
		9E71612125A3256A00221EA5 /* insta.ttf in Resources */ = {isa = PBXBuildFile; fileRef = 9E71612025A3256A00221EA5 /* insta.ttf */; };
		9E9C44AC25A21D1B00514D46 /* StartingPage.swift in Sources */ = {isa = PBXBuildFile; fileRef = 9E9C44AB25A21D1B00514D46 /* StartingPage.swift */; };
/* End PBXBuildFile section */

/* Begin PBXFileReference section */
		9E2222D7259E338F006A7042 /* Instagram_Pro_MaxApp.swift */ = {isa = PBXFileReference; lastKnownFileType = sourcecode.swift; path = Instagram_Pro_MaxApp.swift; sourceTree = "<group>"; };
		9E2222D8259E338F006A7042 /* InstagramProMaxIndex.swift */ = {isa = PBXFileReference; lastKnownFileType = sourcecode.swift; path = InstagramProMaxIndex.swift; sourceTree = "<group>"; };
		9E2222D9259E338F006A7042 /* Assets.xcassets */ = {isa = PBXFileReference; lastKnownFileType = folder.assetcatalog; path = Assets.xcassets; sourceTree = "<group>"; };
		9E2222DE259E338F006A7042 /* Instagram Pro Max.app */ = {isa = PBXFileReference; explicitFileType = wrapper.application; includeInIndex = 0; path = "Instagram Pro Max.app"; sourceTree = BUILT_PRODUCTS_DIR; };
		9E2222E1259E338F006A7042 /* Info.plist */ = {isa = PBXFileReference; lastKnownFileType = text.plist.xml; path = Info.plist; sourceTree = "<group>"; };
		9E2222E6259E3390006A7042 /* Instagram Pro Max.app */ = {isa = PBXFileReference; explicitFileType = wrapper.application; includeInIndex = 0; path = "Instagram Pro Max.app"; sourceTree = BUILT_PRODUCTS_DIR; };
		9E2222E8259E3390006A7042 /* Info.plist */ = {isa = PBXFileReference; lastKnownFileType = text.plist.xml; path = Info.plist; sourceTree = "<group>"; };
		9E2222E9259E3390006A7042 /* macOS.entitlements */ = {isa = PBXFileReference; lastKnownFileType = text.plist.entitlements; path = macOS.entitlements; sourceTree = "<group>"; };
		9E71610925A2233800221EA5 /* CustomPlusRectange.swift */ = {isa = PBXFileReference; lastKnownFileType = sourcecode.swift; path = CustomPlusRectange.swift; sourceTree = "<group>"; };
		9E71610E25A226A500221EA5 /* StoryCircle.swift */ = {isa = PBXFileReference; lastKnownFileType = sourcecode.swift; path = StoryCircle.swift; sourceTree = "<group>"; };
		9E71611325A236E900221EA5 /* OneNewsCard.swift */ = {isa = PBXFileReference; lastKnownFileType = sourcecode.swift; path = OneNewsCard.swift; sourceTree = "<group>"; };
		9E71612025A3256A00221EA5 /* insta.ttf */ = {isa = PBXFileReference; lastKnownFileType = file; path = insta.ttf; sourceTree = "<group>"; };
		9E9C44AB25A21D1B00514D46 /* StartingPage.swift */ = {isa = PBXFileReference; lastKnownFileType = sourcecode.swift; path = StartingPage.swift; sourceTree = "<group>"; };
/* End PBXFileReference section */

/* Begin PBXFrameworksBuildPhase section */
		9E2222DB259E338F006A7042 /* Frameworks */ = {
			isa = PBXFrameworksBuildPhase;
			buildActionMask = 2147483647;
			files = (
			);
			runOnlyForDeploymentPostprocessing = 0;
		};
		9E2222E3259E3390006A7042 /* Frameworks */ = {
			isa = PBXFrameworksBuildPhase;
			buildActionMask = 2147483647;
			files = (
			);
			runOnlyForDeploymentPostprocessing = 0;
		};
/* End PBXFrameworksBuildPhase section */

/* Begin PBXGroup section */
		9E11B66225A21C49004AE750 /* Pages */ = {
			isa = PBXGroup;
			children = (
				9E9C44AB25A21D1B00514D46 /* StartingPage.swift */,
			);
			path = Pages;
			sourceTree = "<group>";
		};
		9E2222D1259E338F006A7042 = {
			isa = PBXGroup;
			children = (
				9E11B66225A21C49004AE750 /* Pages */,
				9E2222D6259E338F006A7042 /* Shared */,
				9E2222E0259E338F006A7042 /* iOS */,
				9E2222E7259E3390006A7042 /* macOS */,
				9E2222DF259E338F006A7042 /* Products */,
			);
			sourceTree = "<group>";
		};
		9E2222D6259E338F006A7042 /* Shared */ = {
			isa = PBXGroup;
			children = (
				9E282DB4259E4FD4008970A1 /* Fonts */,
				9E2222D7259E338F006A7042 /* Instagram_Pro_MaxApp.swift */,
				9E2222D8259E338F006A7042 /* InstagramProMaxIndex.swift */,
				9E71612025A3256A00221EA5 /* insta.ttf */,
				9E2222D9259E338F006A7042 /* Assets.xcassets */,
				9E71610925A2233800221EA5 /* CustomPlusRectange.swift */,
				9E71610E25A226A500221EA5 /* StoryCircle.swift */,
				9E71611325A236E900221EA5 /* OneNewsCard.swift */,
			);
			path = Shared;
			sourceTree = "<group>";
		};
		9E2222DF259E338F006A7042 /* Products */ = {
			isa = PBXGroup;
			children = (
				9E2222DE259E338F006A7042 /* Instagram Pro Max.app */,
				9E2222E6259E3390006A7042 /* Instagram Pro Max.app */,
			);
			name = Products;
			sourceTree = "<group>";
		};
		9E2222E0259E338F006A7042 /* iOS */ = {
			isa = PBXGroup;
			children = (
				9E2222E1259E338F006A7042 /* Info.plist */,
			);
			path = iOS;
			sourceTree = "<group>";
		};
		9E2222E7259E3390006A7042 /* macOS */ = {
			isa = PBXGroup;
			children = (
				9E2222E8259E3390006A7042 /* Info.plist */,
				9E2222E9259E3390006A7042 /* macOS.entitlements */,
			);
			path = macOS;
			sourceTree = "<group>";
		};
		9E282DB4259E4FD4008970A1 /* Fonts */ = {
			isa = PBXGroup;
			children = (
			);
			path = Fonts;
			sourceTree = "<group>";
		};
/* End PBXGroup section */

/* Begin PBXNativeTarget section */
		9E2222DD259E338F006A7042 /* Instagram Pro Max (iOS) */ = {
			isa = PBXNativeTarget;
			buildConfigurationList = 9E2222F2259E3390006A7042 /* Build configuration list for PBXNativeTarget "Instagram Pro Max (iOS)" */;
			buildPhases = (
				9E2222DA259E338F006A7042 /* Sources */,
				9E2222DB259E338F006A7042 /* Frameworks */,
				9E2222DC259E338F006A7042 /* Resources */,
			);
			buildRules = (
			);
			dependencies = (
			);
			name = "Instagram Pro Max (iOS)";
			productName = "Instagram Pro Max (iOS)";
			productReference = 9E2222DE259E338F006A7042 /* Instagram Pro Max.app */;
			productType = "com.apple.product-type.application";
		};
		9E2222E5259E3390006A7042 /* Instagram Pro Max (macOS) */ = {
			isa = PBXNativeTarget;
			buildConfigurationList = 9E2222F5259E3390006A7042 /* Build configuration list for PBXNativeTarget "Instagram Pro Max (macOS)" */;
			buildPhases = (
				9E2222E2259E3390006A7042 /* Sources */,
				9E2222E3259E3390006A7042 /* Frameworks */,
				9E2222E4259E3390006A7042 /* Resources */,
			);
			buildRules = (
			);
			dependencies = (
			);
			name = "Instagram Pro Max (macOS)";
			productName = "Instagram Pro Max (macOS)";
			productReference = 9E2222E6259E3390006A7042 /* Instagram Pro Max.app */;
			productType = "com.apple.product-type.application";
		};
/* End PBXNativeTarget section */

/* Begin PBXProject section */
		9E2222D2259E338F006A7042 /* Project object */ = {
			isa = PBXProject;
			attributes = {
				LastSwiftUpdateCheck = 1220;
				LastUpgradeCheck = 1220;
				TargetAttributes = {
					9E2222DD259E338F006A7042 = {
						CreatedOnToolsVersion = 12.2;
					};
					9E2222E5259E3390006A7042 = {
						CreatedOnToolsVersion = 12.2;
					};
				};
			};
			buildConfigurationList = 9E2222D5259E338F006A7042 /* Build configuration list for PBXProject "Instagram Pro Max" */;
			compatibilityVersion = "Xcode 9.3";
			developmentRegion = en;
			hasScannedForEncodings = 0;
			knownRegions = (
				en,
				Base,
			);
			mainGroup = 9E2222D1259E338F006A7042;
			productRefGroup = 9E2222DF259E338F006A7042 /* Products */;
			projectDirPath = "";
			projectRoot = "";
			targets = (
				9E2222DD259E338F006A7042 /* Instagram Pro Max (iOS) */,
				9E2222E5259E3390006A7042 /* Instagram Pro Max (macOS) */,
			);
		};
/* End PBXProject section */

/* Begin PBXResourcesBuildPhase section */
		9E2222DC259E338F006A7042 /* Resources */ = {
			isa = PBXResourcesBuildPhase;
			buildActionMask = 2147483647;
			files = (
				9E71612125A3256A00221EA5 /* insta.ttf in Resources */,
				9E2222EE259E3390006A7042 /* Assets.xcassets in Resources */,
			);
			runOnlyForDeploymentPostprocessing = 0;
		};
		9E2222E4259E3390006A7042 /* Resources */ = {
			isa = PBXResourcesBuildPhase;
			buildActionMask = 2147483647;
			files = (
				9E2222EF259E3390006A7042 /* Assets.xcassets in Resources */,
			);
			runOnlyForDeploymentPostprocessing = 0;
		};
/* End PBXResourcesBuildPhase section */

/* Begin PBXSourcesBuildPhase section */
		9E2222DA259E338F006A7042 /* Sources */ = {
			isa = PBXSourcesBuildPhase;
			buildActionMask = 2147483647;
			files = (
				9E2222EC259E3390006A7042 /* InstagramProMaxIndex.swift in Sources */,
				9E9C44AC25A21D1B00514D46 /* StartingPage.swift in Sources */,
				9E2222EA259E3390006A7042 /* Instagram_Pro_MaxApp.swift in Sources */,
				9E71611425A236E900221EA5 /* OneNewsCard.swift in Sources */,
				9E71610A25A2233800221EA5 /* CustomPlusRectange.swift in Sources */,
				9E71610F25A226A500221EA5 /* StoryCircle.swift in Sources */,
			);
			runOnlyForDeploymentPostprocessing = 0;
		};
		9E2222E2259E3390006A7042 /* Sources */ = {
			isa = PBXSourcesBuildPhase;
			buildActionMask = 2147483647;
			files = (
				9E2222ED259E3390006A7042 /* InstagramProMaxIndex.swift in Sources */,
				9E71610B25A2233800221EA5 /* CustomPlusRectange.swift in Sources */,
				9E2222EB259E3390006A7042 /* Instagram_Pro_MaxApp.swift in Sources */,
				9E71611525A236E900221EA5 /* OneNewsCard.swift in Sources */,
				9E71611025A226A500221EA5 /* StoryCircle.swift in Sources */,
			);
			runOnlyForDeploymentPostprocessing = 0;
		};
/* End PBXSourcesBuildPhase section */

/* Begin XCBuildConfiguration section */
		9E2222F0259E3390006A7042 /* Debug */ = {
			isa = XCBuildConfiguration;
			buildSettings = {
				ALWAYS_SEARCH_USER_PATHS = NO;
				CLANG_ANALYZER_NONNULL = YES;
				CLANG_ANALYZER_NUMBER_OBJECT_CONVERSION = YES_AGGRESSIVE;
				CLANG_CXX_LANGUAGE_STANDARD = "gnu++14";
				CLANG_CXX_LIBRARY = "libc++";
				CLANG_ENABLE_MODULES = YES;
				CLANG_ENABLE_OBJC_ARC = YES;
				CLANG_ENABLE_OBJC_WEAK = YES;
				CLANG_WARN_BLOCK_CAPTURE_AUTORELEASING = YES;
				CLANG_WARN_BOOL_CONVERSION = YES;
				CLANG_WARN_COMMA = YES;
				CLANG_WARN_CONSTANT_CONVERSION = YES;
				CLANG_WARN_DEPRECATED_OBJC_IMPLEMENTATIONS = YES;
				CLANG_WARN_DIRECT_OBJC_ISA_USAGE = YES_ERROR;
				CLANG_WARN_DOCUMENTATION_COMMENTS = YES;
				CLANG_WARN_EMPTY_BODY = YES;
				CLANG_WARN_ENUM_CONVERSION = YES;
				CLANG_WARN_INFINITE_RECURSION = YES;
				CLANG_WARN_INT_CONVERSION = YES;
				CLANG_WARN_NON_LITERAL_NULL_CONVERSION = YES;
				CLANG_WARN_OBJC_IMPLICIT_RETAIN_SELF = YES;
				CLANG_WARN_OBJC_LITERAL_CONVERSION = YES;
				CLANG_WARN_OBJC_ROOT_CLASS = YES_ERROR;
				CLANG_WARN_QUOTED_INCLUDE_IN_FRAMEWORK_HEADER = YES;
				CLANG_WARN_RANGE_LOOP_ANALYSIS = YES;
				CLANG_WARN_STRICT_PROTOTYPES = YES;
				CLANG_WARN_SUSPICIOUS_MOVE = YES;
				CLANG_WARN_UNGUARDED_AVAILABILITY = YES_AGGRESSIVE;
				CLANG_WARN_UNREACHABLE_CODE = YES;
				CLANG_WARN__DUPLICATE_METHOD_MATCH = YES;
				COPY_PHASE_STRIP = NO;
				DEBUG_INFORMATION_FORMAT = dwarf;
				ENABLE_STRICT_OBJC_MSGSEND = YES;
				ENABLE_TESTABILITY = YES;
				GCC_C_LANGUAGE_STANDARD = gnu11;
				GCC_DYNAMIC_NO_PIC = NO;
				GCC_NO_COMMON_BLOCKS = YES;
				GCC_OPTIMIZATION_LEVEL = 0;
				GCC_PREPROCESSOR_DEFINITIONS = (
					"DEBUG=1",
					"$(inherited)",
				);
				GCC_WARN_64_TO_32_BIT_CONVERSION = YES;
				GCC_WARN_ABOUT_RETURN_TYPE = YES_ERROR;
				GCC_WARN_UNDECLARED_SELECTOR = YES;
				GCC_WARN_UNINITIALIZED_AUTOS = YES_AGGRESSIVE;
				GCC_WARN_UNUSED_FUNCTION = YES;
				GCC_WARN_UNUSED_VARIABLE = YES;
				MTL_ENABLE_DEBUG_INFO = INCLUDE_SOURCE;
				MTL_FAST_MATH = YES;
				ONLY_ACTIVE_ARCH = YES;
				SWIFT_ACTIVE_COMPILATION_CONDITIONS = DEBUG;
				SWIFT_OPTIMIZATION_LEVEL = "-Onone";
			};
			name = Debug;
		};
		9E2222F1259E3390006A7042 /* Release */ = {
			isa = XCBuildConfiguration;
			buildSettings = {
				ALWAYS_SEARCH_USER_PATHS = NO;
				CLANG_ANALYZER_NONNULL = YES;
				CLANG_ANALYZER_NUMBER_OBJECT_CONVERSION = YES_AGGRESSIVE;
				CLANG_CXX_LANGUAGE_STANDARD = "gnu++14";
				CLANG_CXX_LIBRARY = "libc++";
				CLANG_ENABLE_MODULES = YES;
				CLANG_ENABLE_OBJC_ARC = YES;
				CLANG_ENABLE_OBJC_WEAK = YES;
				CLANG_WARN_BLOCK_CAPTURE_AUTORELEASING = YES;
				CLANG_WARN_BOOL_CONVERSION = YES;
				CLANG_WARN_COMMA = YES;
				CLANG_WARN_CONSTANT_CONVERSION = YES;
				CLANG_WARN_DEPRECATED_OBJC_IMPLEMENTATIONS = YES;
				CLANG_WARN_DIRECT_OBJC_ISA_USAGE = YES_ERROR;
				CLANG_WARN_DOCUMENTATION_COMMENTS = YES;
				CLANG_WARN_EMPTY_BODY = YES;
				CLANG_WARN_ENUM_CONVERSION = YES;
				CLANG_WARN_INFINITE_RECURSION = YES;
				CLANG_WARN_INT_CONVERSION = YES;
				CLANG_WARN_NON_LITERAL_NULL_CONVERSION = YES;
				CLANG_WARN_OBJC_IMPLICIT_RETAIN_SELF = YES;
				CLANG_WARN_OBJC_LITERAL_CONVERSION = YES;
				CLANG_WARN_OBJC_ROOT_CLASS = YES_ERROR;
				CLANG_WARN_QUOTED_INCLUDE_IN_FRAMEWORK_HEADER = YES;
				CLANG_WARN_RANGE_LOOP_ANALYSIS = YES;
				CLANG_WARN_STRICT_PROTOTYPES = YES;
				CLANG_WARN_SUSPICIOUS_MOVE = YES;
				CLANG_WARN_UNGUARDED_AVAILABILITY = YES_AGGRESSIVE;
				CLANG_WARN_UNREACHABLE_CODE = YES;
				CLANG_WARN__DUPLICATE_METHOD_MATCH = YES;
				COPY_PHASE_STRIP = NO;
				DEBUG_INFORMATION_FORMAT = "dwarf-with-dsym";
				ENABLE_NS_ASSERTIONS = NO;
				ENABLE_STRICT_OBJC_MSGSEND = YES;
				GCC_C_LANGUAGE_STANDARD = gnu11;
				GCC_NO_COMMON_BLOCKS = YES;
				GCC_WARN_64_TO_32_BIT_CONVERSION = YES;
				GCC_WARN_ABOUT_RETURN_TYPE = YES_ERROR;
				GCC_WARN_UNDECLARED_SELECTOR = YES;
				GCC_WARN_UNINITIALIZED_AUTOS = YES_AGGRESSIVE;
				GCC_WARN_UNUSED_FUNCTION = YES;
				GCC_WARN_UNUSED_VARIABLE = YES;
				MTL_ENABLE_DEBUG_INFO = NO;
				MTL_FAST_MATH = YES;
				SWIFT_COMPILATION_MODE = wholemodule;
				SWIFT_OPTIMIZATION_LEVEL = "-O";
			};
			name = Release;
		};
		9E2222F3259E3390006A7042 /* Debug */ = {
			isa = XCBuildConfiguration;
			buildSettings = {
				ASSETCATALOG_COMPILER_APPICON_NAME = AppIcon;
				ASSETCATALOG_COMPILER_GLOBAL_ACCENT_COLOR_NAME = AccentColor;
				CODE_SIGN_STYLE = Automatic;
				ENABLE_PREVIEWS = YES;
				INFOPLIST_FILE = iOS/Info.plist;
				IPHONEOS_DEPLOYMENT_TARGET = 14.0;
				LD_RUNPATH_SEARCH_PATHS = (
					"$(inherited)",
					"@executable_path/Frameworks",
				);
				PRODUCT_BUNDLE_IDENTIFIER = "com.pongo.Instagram-Pro-Max";
				PRODUCT_NAME = "Instagram Pro Max";
				SDKROOT = iphoneos;
				SWIFT_VERSION = 5.0;
				TARGETED_DEVICE_FAMILY = "1,2";
			};
			name = Debug;
		};
		9E2222F4259E3390006A7042 /* Release */ = {
			isa = XCBuildConfiguration;
			buildSettings = {
				ASSETCATALOG_COMPILER_APPICON_NAME = AppIcon;
				ASSETCATALOG_COMPILER_GLOBAL_ACCENT_COLOR_NAME = AccentColor;
				CODE_SIGN_STYLE = Automatic;
				ENABLE_PREVIEWS = YES;
				INFOPLIST_FILE = iOS/Info.plist;
				IPHONEOS_DEPLOYMENT_TARGET = 14.0;
				LD_RUNPATH_SEARCH_PATHS = (
					"$(inherited)",
					"@executable_path/Frameworks",
				);
				PRODUCT_BUNDLE_IDENTIFIER = "com.pongo.Instagram-Pro-Max";
				PRODUCT_NAME = "Instagram Pro Max";
				SDKROOT = iphoneos;
				SWIFT_VERSION = 5.0;
				TARGETED_DEVICE_FAMILY = "1,2";
				VALIDATE_PRODUCT = YES;
			};
			name = Release;
		};
		9E2222F6259E3390006A7042 /* Debug */ = {
			isa = XCBuildConfiguration;
			buildSettings = {
				ASSETCATALOG_COMPILER_APPICON_NAME = AppIcon;
				ASSETCATALOG_COMPILER_GLOBAL_ACCENT_COLOR_NAME = AccentColor;
				CODE_SIGN_ENTITLEMENTS = macOS/macOS.entitlements;
				CODE_SIGN_STYLE = Automatic;
				COMBINE_HIDPI_IMAGES = YES;
				ENABLE_PREVIEWS = YES;
				INFOPLIST_FILE = macOS/Info.plist;
				LD_RUNPATH_SEARCH_PATHS = (
					"$(inherited)",
					"@executable_path/../Frameworks",
				);
				MACOSX_DEPLOYMENT_TARGET = 11.0;
				PRODUCT_BUNDLE_IDENTIFIER = "com.pongo.Instagram-Pro-Max";
				PRODUCT_NAME = "Instagram Pro Max";
				SDKROOT = macosx;
				SWIFT_VERSION = 5.0;
			};
			name = Debug;
		};
		9E2222F7259E3390006A7042 /* Release */ = {
			isa = XCBuildConfiguration;
			buildSettings = {
				ASSETCATALOG_COMPILER_APPICON_NAME = AppIcon;
				ASSETCATALOG_COMPILER_GLOBAL_ACCENT_COLOR_NAME = AccentColor;
				CODE_SIGN_ENTITLEMENTS = macOS/macOS.entitlements;
				CODE_SIGN_STYLE = Automatic;
				COMBINE_HIDPI_IMAGES = YES;
				ENABLE_PREVIEWS = YES;
				INFOPLIST_FILE = macOS/Info.plist;
				LD_RUNPATH_SEARCH_PATHS = (
					"$(inherited)",
					"@executable_path/../Frameworks",
				);
				MACOSX_DEPLOYMENT_TARGET = 11.0;
				PRODUCT_BUNDLE_IDENTIFIER = "com.pongo.Instagram-Pro-Max";
				PRODUCT_NAME = "Instagram Pro Max";
				SDKROOT = macosx;
				SWIFT_VERSION = 5.0;
			};
			name = Release;
		};
/* End XCBuildConfiguration section */

/* Begin XCConfigurationList section */
		9E2222D5259E338F006A7042 /* Build configuration list for PBXProject "Instagram Pro Max" */ = {
			isa = XCConfigurationList;
			buildConfigurations = (
				9E2222F0259E3390006A7042 /* Debug */,
				9E2222F1259E3390006A7042 /* Release */,
			);
			defaultConfigurationIsVisible = 0;
			defaultConfigurationName = Release;
		};
		9E2222F2259E3390006A7042 /* Build configuration list for PBXNativeTarget "Instagram Pro Max (iOS)" */ = {
			isa = XCConfigurationList;
			buildConfigurations = (
				9E2222F3259E3390006A7042 /* Debug */,
				9E2222F4259E3390006A7042 /* Release */,
			);
			defaultConfigurationIsVisible = 0;
			defaultConfigurationName = Release;
		};
		9E2222F5259E3390006A7042 /* Build configuration list for PBXNativeTarget "Instagram Pro Max (macOS)" */ = {
			isa = XCConfigurationList;
			buildConfigurations = (
				9E2222F6259E3390006A7042 /* Debug */,
				9E2222F7259E3390006A7042 /* Release */,
			);
			defaultConfigurationIsVisible = 0;
			defaultConfigurationName = Release;
		};
/* End XCConfigurationList section */
	};
	rootObject = 9E2222D2259E338F006A7042 /* Project object */;
}
